
Microsoft Visual Studio Solution File, Format Version 12.00
# Visual Studio 14
VisualStudioVersion = 14.0.25420.1
MinimumVisualStudioVersion = 10.0.40219.1
Project("{FAE04EC0-301F-11D3-BF4B-00C04F79EFBC}") = "Comic", "Comic\Comic.csproj", "{673F67E1-9DAE-42DD-9B4C-69B3562B8077}"
EndProject
Project("{FAE04EC0-301F-11D3-BF4B-00C04F79EFBC}") = "DAL", "DAL\DAL.csproj", "{1E0A90A0-294E-4EE7-89A1-4750769CBBF6}"
EndProject
Project("{FAE04EC0-301F-11D3-BF4B-00C04F79EFBC}") = "DTO", "DTO\DTO.csproj", "{3666E435-3C71-4F78-9910-F03AB40A56D2}"
EndProject
Project("{FAE04EC0-301F-11D3-BF4B-00C04F79EFBC}") = "BUL", "BUL\BUL.csproj", "{0F9D5E63-2B94-4C39-923A-A7C721BF22EC}"
EndProject
Global
	GlobalSection(SolutionConfigurationPlatforms) = preSolution
		Debug|Any CPU = Debug|Any CPU
		Release|Any CPU = Release|Any CPU
	EndGlobalSection
	GlobalSection(ProjectConfigurationPlatforms) = postSolution
		{673F67E1-9DAE-42DD-9B4C-69B3562B8077}.Debug|Any CPU.ActiveCfg = Debug|Any CPU
		{673F67E1-9DAE-42DD-9B4C-69B3562B8077}.Debug|Any CPU.Build.0 = Debug|Any CPU
		{673F67E1-9DAE-42DD-9B4C-69B3562B8077}.Release|Any CPU.ActiveCfg = Release|Any CPU
		{673F67E1-9DAE-42DD-9B4C-69B3562B8077}.Release|Any CPU.Build.0 = Release|Any CPU
		{1E0A90A0-294E-4EE7-89A1-4750769CBBF6}.Debug|Any CPU.ActiveCfg = Debug|Any CPU
		{1E0A90A0-294E-4EE7-89A1-4750769CBBF6}.Debug|Any CPU.Build.0 = Debug|Any CPU
		{1E0A90A0-294E-4EE7-89A1-4750769CBBF6}.Release|Any CPU.ActiveCfg = Release|Any CPU
		{1E0A90A0-294E-4EE7-89A1-4750769CBBF6}.Release|Any CPU.Build.0 = Release|Any CPU
		{3666E435-3C71-4F78-9910-F03AB40A56D2}.Debug|Any CPU.ActiveCfg = Debug|Any CPU
		{3666E435-3C71-4F78-9910-F03AB40A56D2}.Debug|Any CPU.Build.0 = Debug|Any CPU
		{3666E435-3C71-4F78-9910-F03AB40A56D2}.Release|Any CPU.ActiveCfg = Release|Any CPU
		{3666E435-3C71-4F78-9910-F03AB40A56D2}.Release|Any CPU.Build.0 = Release|Any CPU
		{0F9D5E63-2B94-4C39-923A-A7C721BF22EC}.Debug|Any CPU.ActiveCfg = Debug|Any CPU
		{0F9D5E63-2B94-4C39-923A-A7C721BF22EC}.Debug|Any CPU.Build.0 = Debug|Any CPU
		{0F9D5E63-2B94-4C39-923A-A7C721BF22EC}.Release|Any CPU.ActiveCfg = Release|Any CPU
		{0F9D5E63-2B94-4C39-923A-A7C721BF22EC}.Release|Any CPU.Build.0 = Release|Any CPU
	EndGlobalSection
	GlobalSection(SolutionProperties) = preSolution
		HideSolutionNode = FALSE
	EndGlobalSection
EndGlobal
